// !$*UTF8*$!
{
	archiveVersion = 1;
	classes = {
	};
	objectVersion = 46;
	objects = {

/* Begin PBXBuildFile section */
		6D11BE681BF3A52C007C7614 /* placeholder.png in Resources */ = {isa = PBXBuildFile; fileRef = 6D11BE671BF3A52C007C7614 /* placeholder.png */; };
		6D11BE761BF3B163007C7614 /* profile-58px.png in Resources */ = {isa = PBXBuildFile; fileRef = 6D11BE711BF3B163007C7614 /* profile-58px.png */; };
		6D11BE771BF3B163007C7614 /* profile-80px.png in Resources */ = {isa = PBXBuildFile; fileRef = 6D11BE721BF3B163007C7614 /* profile-80px.png */; };
		6D11BE781BF3B163007C7614 /* profile-87px.png in Resources */ = {isa = PBXBuildFile; fileRef = 6D11BE731BF3B163007C7614 /* profile-87px.png */; };
		6D11BE791BF3B163007C7614 /* profile-120px.png in Resources */ = {isa = PBXBuildFile; fileRef = 6D11BE741BF3B163007C7614 /* profile-120px.png */; };
		6D11BE7A1BF3B163007C7614 /* profile-180px.png in Resources */ = {isa = PBXBuildFile; fileRef = 6D11BE751BF3B163007C7614 /* profile-180px.png */; };
		6D12E36A1BF38B9E007D2E9C /* main.m in Sources */ = {isa = PBXBuildFile; fileRef = 6D12E3691BF38B9E007D2E9C /* main.m */; };
		6D12E36D1BF38B9E007D2E9C /* AppDelegate.m in Sources */ = {isa = PBXBuildFile; fileRef = 6D12E36C1BF38B9E007D2E9C /* AppDelegate.m */; };
		6D12E3701BF38B9E007D2E9C /* ViewController.m in Sources */ = {isa = PBXBuildFile; fileRef = 6D12E36F1BF38B9E007D2E9C /* ViewController.m */; };
		6D12E3731BF38B9E007D2E9C /* Main.storyboard in Resources */ = {isa = PBXBuildFile; fileRef = 6D12E3711BF38B9E007D2E9C /* Main.storyboard */; };
		6D12E3751BF38B9E007D2E9C /* Assets.xcassets in Resources */ = {isa = PBXBuildFile; fileRef = 6D12E3741BF38B9E007D2E9C /* Assets.xcassets */; };
		6D12E3781BF38B9E007D2E9C /* LaunchScreen.storyboard in Resources */ = {isa = PBXBuildFile; fileRef = 6D12E3761BF38B9E007D2E9C /* LaunchScreen.storyboard */; };
		6D12E3A01BF38F9A007D2E9C /* UIKit.framework in Frameworks */ = {isa = PBXBuildFile; fileRef = 6D12E39F1BF38F9A007D2E9C /* UIKit.framework */; };
		6D12E3A21BF38FA3007D2E9C /* Foundation.framework in Frameworks */ = {isa = PBXBuildFile; fileRef = 6D12E3A11BF38FA3007D2E9C /* Foundation.framework */; };
		6D12E3A41BF38FA8007D2E9C /* CoreGraphics.framework in Frameworks */ = {isa = PBXBuildFile; fileRef = 6D12E3A31BF38FA8007D2E9C /* CoreGraphics.framework */; };
		6D12E3CD1BF39859007D2E9C /* AFHTTPRequestOperation.m in Sources */ = {isa = PBXBuildFile; fileRef = 6D12E3A91BF39859007D2E9C /* AFHTTPRequestOperation.m */; };
		6D12E3CE1BF39859007D2E9C /* AFHTTPRequestOperationManager.m in Sources */ = {isa = PBXBuildFile; fileRef = 6D12E3AB1BF39859007D2E9C /* AFHTTPRequestOperationManager.m */; };
		6D12E3CF1BF39859007D2E9C /* AFHTTPSessionManager.m in Sources */ = {isa = PBXBuildFile; fileRef = 6D12E3AD1BF39859007D2E9C /* AFHTTPSessionManager.m */; };
		6D12E3D01BF39859007D2E9C /* AFNetworkActivityIndicatorManager.m in Sources */ = {isa = PBXBuildFile; fileRef = 6D12E3AF1BF39859007D2E9C /* AFNetworkActivityIndicatorManager.m */; };
		6D12E3D11BF39859007D2E9C /* AFNetworkReachabilityManager.m in Sources */ = {isa = PBXBuildFile; fileRef = 6D12E3B21BF39859007D2E9C /* AFNetworkReachabilityManager.m */; };
		6D12E3D21BF39859007D2E9C /* AFSecurityPolicy.m in Sources */ = {isa = PBXBuildFile; fileRef = 6D12E3B41BF39859007D2E9C /* AFSecurityPolicy.m */; };
		6D12E3D31BF39859007D2E9C /* AFURLConnectionOperation.m in Sources */ = {isa = PBXBuildFile; fileRef = 6D12E3B61BF39859007D2E9C /* AFURLConnectionOperation.m */; };
		6D12E3D41BF39859007D2E9C /* AFURLRequestSerialization.m in Sources */ = {isa = PBXBuildFile; fileRef = 6D12E3B81BF39859007D2E9C /* AFURLRequestSerialization.m */; };
		6D12E3D51BF39859007D2E9C /* AFURLResponseSerialization.m in Sources */ = {isa = PBXBuildFile; fileRef = 6D12E3BA1BF39859007D2E9C /* AFURLResponseSerialization.m */; };
		6D12E3D61BF39859007D2E9C /* AFURLSessionManager.m in Sources */ = {isa = PBXBuildFile; fileRef = 6D12E3BC1BF39859007D2E9C /* AFURLSessionManager.m */; };
		6D12E3D71BF39859007D2E9C /* UIActivityIndicatorView+AFNetworking.m in Sources */ = {isa = PBXBuildFile; fileRef = 6D12E3BE1BF39859007D2E9C /* UIActivityIndicatorView+AFNetworking.m */; };
		6D12E3D81BF39859007D2E9C /* UIAlertView+AFNetworking.m in Sources */ = {isa = PBXBuildFile; fileRef = 6D12E3C01BF39859007D2E9C /* UIAlertView+AFNetworking.m */; };
		6D12E3D91BF39859007D2E9C /* UIButton+AFNetworking.m in Sources */ = {isa = PBXBuildFile; fileRef = 6D12E3C21BF39859007D2E9C /* UIButton+AFNetworking.m */; };
		6D12E3DA1BF39859007D2E9C /* UIImageView+AFNetworking.m in Sources */ = {isa = PBXBuildFile; fileRef = 6D12E3C51BF39859007D2E9C /* UIImageView+AFNetworking.m */; };
		6D12E3DB1BF39859007D2E9C /* UIProgressView+AFNetworking.m in Sources */ = {isa = PBXBuildFile; fileRef = 6D12E3C81BF39859007D2E9C /* UIProgressView+AFNetworking.m */; };
		6D12E3DC1BF39859007D2E9C /* UIRefreshControl+AFNetworking.m in Sources */ = {isa = PBXBuildFile; fileRef = 6D12E3CA1BF39859007D2E9C /* UIRefreshControl+AFNetworking.m */; };
		6D12E3DD1BF39859007D2E9C /* UIWebView+AFNetworking.m in Sources */ = {isa = PBXBuildFile; fileRef = 6D12E3CC1BF39859007D2E9C /* UIWebView+AFNetworking.m */; };
/* End PBXBuildFile section */

/* Begin PBXFileReference section */
		6D11BE671BF3A52C007C7614 /* placeholder.png */ = {isa = PBXFileReference; lastKnownFileType = image.png; name = placeholder.png; path = MemberViewer/resources/placeholder.png; sourceTree = "<group>"; };
		6D11BE711BF3B163007C7614 /* profile-58px.png */ = {isa = PBXFileReference; lastKnownFileType = image.png; name = "profile-58px.png"; path = "MemberViewer/resources/profile-58px.png"; sourceTree = "<group>"; };
		6D11BE721BF3B163007C7614 /* profile-80px.png */ = {isa = PBXFileReference; lastKnownFileType = image.png; name = "profile-80px.png"; path = "MemberViewer/resources/profile-80px.png"; sourceTree = "<group>"; };
		6D11BE731BF3B163007C7614 /* profile-87px.png */ = {isa = PBXFileReference; lastKnownFileType = image.png; name = "profile-87px.png"; path = "MemberViewer/resources/profile-87px.png"; sourceTree = "<group>"; };
		6D11BE741BF3B163007C7614 /* profile-120px.png */ = {isa = PBXFileReference; lastKnownFileType = image.png; name = "profile-120px.png"; path = "MemberViewer/resources/profile-120px.png"; sourceTree = "<group>"; };
		6D11BE751BF3B163007C7614 /* profile-180px.png */ = {isa = PBXFileReference; lastKnownFileType = image.png; name = "profile-180px.png"; path = "MemberViewer/resources/profile-180px.png"; sourceTree = "<group>"; };
		6D12E3651BF38B9E007D2E9C /* MemberViewer.app */ = {isa = PBXFileReference; explicitFileType = wrapper.application; includeInIndex = 0; path = MemberViewer.app; sourceTree = BUILT_PRODUCTS_DIR; };
		6D12E3691BF38B9E007D2E9C /* main.m */ = {isa = PBXFileReference; lastKnownFileType = sourcecode.c.objc; path = main.m; sourceTree = "<group>"; };
		6D12E36B1BF38B9E007D2E9C /* AppDelegate.h */ = {isa = PBXFileReference; lastKnownFileType = sourcecode.c.h; path = AppDelegate.h; sourceTree = "<group>"; };
		6D12E36C1BF38B9E007D2E9C /* AppDelegate.m */ = {isa = PBXFileReference; lastKnownFileType = sourcecode.c.objc; path = AppDelegate.m; sourceTree = "<group>"; };
		6D12E36E1BF38B9E007D2E9C /* ViewController.h */ = {isa = PBXFileReference; lastKnownFileType = sourcecode.c.h; path = ViewController.h; sourceTree = "<group>"; };
		6D12E36F1BF38B9E007D2E9C /* ViewController.m */ = {isa = PBXFileReference; lastKnownFileType = sourcecode.c.objc; path = ViewController.m; sourceTree = "<group>"; };
		6D12E3721BF38B9E007D2E9C /* Base */ = {isa = PBXFileReference; lastKnownFileType = file.storyboard; name = Base; path = Base.lproj/Main.storyboard; sourceTree = "<group>"; };
		6D12E3741BF38B9E007D2E9C /* Assets.xcassets */ = {isa = PBXFileReference; lastKnownFileType = folder.assetcatalog; path = Assets.xcassets; sourceTree = "<group>"; };
		6D12E3771BF38B9E007D2E9C /* Base */ = {isa = PBXFileReference; lastKnownFileType = file.storyboard; name = Base; path = Base.lproj/LaunchScreen.storyboard; sourceTree = "<group>"; };
		6D12E3791BF38B9E007D2E9C /* Info.plist */ = {isa = PBXFileReference; lastKnownFileType = text.plist.xml; path = Info.plist; sourceTree = "<group>"; };
		6D12E39F1BF38F9A007D2E9C /* UIKit.framework */ = {isa = PBXFileReference; lastKnownFileType = wrapper.framework; name = UIKit.framework; path = System/Library/Frameworks/UIKit.framework; sourceTree = SDKROOT; };
		6D12E3A11BF38FA3007D2E9C /* Foundation.framework */ = {isa = PBXFileReference; lastKnownFileType = wrapper.framework; name = Foundation.framework; path = System/Library/Frameworks/Foundation.framework; sourceTree = SDKROOT; };
		6D12E3A31BF38FA8007D2E9C /* CoreGraphics.framework */ = {isa = PBXFileReference; lastKnownFileType = wrapper.framework; name = CoreGraphics.framework; path = System/Library/Frameworks/CoreGraphics.framework; sourceTree = SDKROOT; };
		6D12E3A51BF390DB007D2E9C /* MemberViewer-Prefix.pch */ = {isa = PBXFileReference; lastKnownFileType = sourcecode.c.h; path = "MemberViewer-Prefix.pch"; sourceTree = "<group>"; };
		6D12E3A81BF39859007D2E9C /* AFHTTPRequestOperation.h */ = {isa = PBXFileReference; fileEncoding = 4; lastKnownFileType = sourcecode.c.h; name = AFHTTPRequestOperation.h; path = AFNetworking/AFHTTPRequestOperation.h; sourceTree = "<group>"; };
		6D12E3A91BF39859007D2E9C /* AFHTTPRequestOperation.m */ = {isa = PBXFileReference; fileEncoding = 4; lastKnownFileType = sourcecode.c.objc; name = AFHTTPRequestOperation.m; path = AFNetworking/AFHTTPRequestOperation.m; sourceTree = "<group>"; };
		6D12E3AA1BF39859007D2E9C /* AFHTTPRequestOperationManager.h */ = {isa = PBXFileReference; fileEncoding = 4; lastKnownFileType = sourcecode.c.h; name = AFHTTPRequestOperationManager.h; path = AFNetworking/AFHTTPRequestOperationManager.h; sourceTree = "<group>"; };
		6D12E3AB1BF39859007D2E9C /* AFHTTPRequestOperationManager.m */ = {isa = PBXFileReference; fileEncoding = 4; lastKnownFileType = sourcecode.c.objc; name = AFHTTPRequestOperationManager.m; path = AFNetworking/AFHTTPRequestOperationManager.m; sourceTree = "<group>"; };
		6D12E3AC1BF39859007D2E9C /* AFHTTPSessionManager.h */ = {isa = PBXFileReference; fileEncoding = 4; lastKnownFileType = sourcecode.c.h; name = AFHTTPSessionManager.h; path = AFNetworking/AFHTTPSessionManager.h; sourceTree = "<group>"; };
		6D12E3AD1BF39859007D2E9C /* AFHTTPSessionManager.m */ = {isa = PBXFileReference; fileEncoding = 4; lastKnownFileType = sourcecode.c.objc; name = AFHTTPSessionManager.m; path = AFNetworking/AFHTTPSessionManager.m; sourceTree = "<group>"; };
		6D12E3AE1BF39859007D2E9C /* AFNetworkActivityIndicatorManager.h */ = {isa = PBXFileReference; fileEncoding = 4; lastKnownFileType = sourcecode.c.h; name = AFNetworkActivityIndicatorManager.h; path = AFNetworking/AFNetworkActivityIndicatorManager.h; sourceTree = "<group>"; };
		6D12E3AF1BF39859007D2E9C /* AFNetworkActivityIndicatorManager.m */ = {isa = PBXFileReference; fileEncoding = 4; lastKnownFileType = sourcecode.c.objc; name = AFNetworkActivityIndicatorManager.m; path = AFNetworking/AFNetworkActivityIndicatorManager.m; sourceTree = "<group>"; };
		6D12E3B01BF39859007D2E9C /* AFNetworking.h */ = {isa = PBXFileReference; fileEncoding = 4; lastKnownFileType = sourcecode.c.h; name = AFNetworking.h; path = AFNetworking/AFNetworking.h; sourceTree = "<group>"; };
		6D12E3B11BF39859007D2E9C /* AFNetworkReachabilityManager.h */ = {isa = PBXFileReference; fileEncoding = 4; lastKnownFileType = sourcecode.c.h; name = AFNetworkReachabilityManager.h; path = AFNetworking/AFNetworkReachabilityManager.h; sourceTree = "<group>"; };
		6D12E3B21BF39859007D2E9C /* AFNetworkReachabilityManager.m */ = {isa = PBXFileReference; fileEncoding = 4; lastKnownFileType = sourcecode.c.objc; name = AFNetworkReachabilityManager.m; path = AFNetworking/AFNetworkReachabilityManager.m; sourceTree = "<group>"; };
		6D12E3B31BF39859007D2E9C /* AFSecurityPolicy.h */ = {isa = PBXFileReference; fileEncoding = 4; lastKnownFileType = sourcecode.c.h; name = AFSecurityPolicy.h; path = AFNetworking/AFSecurityPolicy.h; sourceTree = "<group>"; };
		6D12E3B41BF39859007D2E9C /* AFSecurityPolicy.m */ = {isa = PBXFileReference; fileEncoding = 4; lastKnownFileType = sourcecode.c.objc; name = AFSecurityPolicy.m; path = AFNetworking/AFSecurityPolicy.m; sourceTree = "<group>"; };
		6D12E3B51BF39859007D2E9C /* AFURLConnectionOperation.h */ = {isa = PBXFileReference; fileEncoding = 4; lastKnownFileType = sourcecode.c.h; name = AFURLConnectionOperation.h; path = AFNetworking/AFURLConnectionOperation.h; sourceTree = "<group>"; };
		6D12E3B61BF39859007D2E9C /* AFURLConnectionOperation.m */ = {isa = PBXFileReference; fileEncoding = 4; lastKnownFileType = sourcecode.c.objc; name = AFURLConnectionOperation.m; path = AFNetworking/AFURLConnectionOperation.m; sourceTree = "<group>"; };
		6D12E3B71BF39859007D2E9C /* AFURLRequestSerialization.h */ = {isa = PBXFileReference; fileEncoding = 4; lastKnownFileType = sourcecode.c.h; name = AFURLRequestSerialization.h; path = AFNetworking/AFURLRequestSerialization.h; sourceTree = "<group>"; };
		6D12E3B81BF39859007D2E9C /* AFURLRequestSerialization.m */ = {isa = PBXFileReference; fileEncoding = 4; lastKnownFileType = sourcecode.c.objc; name = AFURLRequestSerialization.m; path = AFNetworking/AFURLRequestSerialization.m; sourceTree = "<group>"; };
		6D12E3B91BF39859007D2E9C /* AFURLResponseSerialization.h */ = {isa = PBXFileReference; fileEncoding = 4; lastKnownFileType = sourcecode.c.h; name = AFURLResponseSerialization.h; path = AFNetworking/AFURLResponseSerialization.h; sourceTree = "<group>"; };
		6D12E3BA1BF39859007D2E9C /* AFURLResponseSerialization.m */ = {isa = PBXFileReference; fileEncoding = 4; lastKnownFileType = sourcecode.c.objc; name = AFURLResponseSerialization.m; path = AFNetworking/AFURLResponseSerialization.m; sourceTree = "<group>"; };
		6D12E3BB1BF39859007D2E9C /* AFURLSessionManager.h */ = {isa = PBXFileReference; fileEncoding = 4; lastKnownFileType = sourcecode.c.h; name = AFURLSessionManager.h; path = AFNetworking/AFURLSessionManager.h; sourceTree = "<group>"; };
		6D12E3BC1BF39859007D2E9C /* AFURLSessionManager.m */ = {isa = PBXFileReference; fileEncoding = 4; lastKnownFileType = sourcecode.c.objc; name = AFURLSessionManager.m; path = AFNetworking/AFURLSessionManager.m; sourceTree = "<group>"; };
		6D12E3BD1BF39859007D2E9C /* UIActivityIndicatorView+AFNetworking.h */ = {isa = PBXFileReference; fileEncoding = 4; lastKnownFileType = sourcecode.c.h; name = "UIActivityIndicatorView+AFNetworking.h"; path = "AFNetworking/UIActivityIndicatorView+AFNetworking.h"; sourceTree = "<group>"; };
		6D12E3BE1BF39859007D2E9C /* UIActivityIndicatorView+AFNetworking.m */ = {isa = PBXFileReference; fileEncoding = 4; lastKnownFileType = sourcecode.c.objc; name = "UIActivityIndicatorView+AFNetworking.m"; path = "AFNetworking/UIActivityIndicatorView+AFNetworking.m"; sourceTree = "<group>"; };
		6D12E3BF1BF39859007D2E9C /* UIAlertView+AFNetworking.h */ = {isa = PBXFileReference; fileEncoding = 4; lastKnownFileType = sourcecode.c.h; name = "UIAlertView+AFNetworking.h"; path = "AFNetworking/UIAlertView+AFNetworking.h"; sourceTree = "<group>"; };
		6D12E3C01BF39859007D2E9C /* UIAlertView+AFNetworking.m */ = {isa = PBXFileReference; fileEncoding = 4; lastKnownFileType = sourcecode.c.objc; name = "UIAlertView+AFNetworking.m"; path = "AFNetworking/UIAlertView+AFNetworking.m"; sourceTree = "<group>"; };
		6D12E3C11BF39859007D2E9C /* UIButton+AFNetworking.h */ = {isa = PBXFileReference; fileEncoding = 4; lastKnownFileType = sourcecode.c.h; name = "UIButton+AFNetworking.h"; path = "AFNetworking/UIButton+AFNetworking.h"; sourceTree = "<group>"; };
		6D12E3C21BF39859007D2E9C /* UIButton+AFNetworking.m */ = {isa = PBXFileReference; fileEncoding = 4; lastKnownFileType = sourcecode.c.objc; name = "UIButton+AFNetworking.m"; path = "AFNetworking/UIButton+AFNetworking.m"; sourceTree = "<group>"; };
		6D12E3C31BF39859007D2E9C /* UIImage+AFNetworking.h */ = {isa = PBXFileReference; fileEncoding = 4; lastKnownFileType = sourcecode.c.h; name = "UIImage+AFNetworking.h"; path = "AFNetworking/UIImage+AFNetworking.h"; sourceTree = "<group>"; };
		6D12E3C41BF39859007D2E9C /* UIImageView+AFNetworking.h */ = {isa = PBXFileReference; fileEncoding = 4; lastKnownFileType = sourcecode.c.h; name = "UIImageView+AFNetworking.h"; path = "AFNetworking/UIImageView+AFNetworking.h"; sourceTree = "<group>"; };
		6D12E3C51BF39859007D2E9C /* UIImageView+AFNetworking.m */ = {isa = PBXFileReference; fileEncoding = 4; lastKnownFileType = sourcecode.c.objc; name = "UIImageView+AFNetworking.m"; path = "AFNetworking/UIImageView+AFNetworking.m"; sourceTree = "<group>"; };
		6D12E3C61BF39859007D2E9C /* UIKit+AFNetworking.h */ = {isa = PBXFileReference; fileEncoding = 4; lastKnownFileType = sourcecode.c.h; name = "UIKit+AFNetworking.h"; path = "AFNetworking/UIKit+AFNetworking.h"; sourceTree = "<group>"; };
		6D12E3C71BF39859007D2E9C /* UIProgressView+AFNetworking.h */ = {isa = PBXFileReference; fileEncoding = 4; lastKnownFileType = sourcecode.c.h; name = "UIProgressView+AFNetworking.h"; path = "AFNetworking/UIProgressView+AFNetworking.h"; sourceTree = "<group>"; };
		6D12E3C81BF39859007D2E9C /* UIProgressView+AFNetworking.m */ = {isa = PBXFileReference; fileEncoding = 4; lastKnownFileType = sourcecode.c.objc; name = "UIProgressView+AFNetworking.m"; path = "AFNetworking/UIProgressView+AFNetworking.m"; sourceTree = "<group>"; };
		6D12E3C91BF39859007D2E9C /* UIRefreshControl+AFNetworking.h */ = {isa = PBXFileReference; fileEncoding = 4; lastKnownFileType = sourcecode.c.h; name = "UIRefreshControl+AFNetworking.h"; path = "AFNetworking/UIRefreshControl+AFNetworking.h"; sourceTree = "<group>"; };
		6D12E3CA1BF39859007D2E9C /* UIRefreshControl+AFNetworking.m */ = {isa = PBXFileReference; fileEncoding = 4; lastKnownFileType = sourcecode.c.objc; name = "UIRefreshControl+AFNetworking.m"; path = "AFNetworking/UIRefreshControl+AFNetworking.m"; sourceTree = "<group>"; };
		6D12E3CB1BF39859007D2E9C /* UIWebView+AFNetworking.h */ = {isa = PBXFileReference; fileEncoding = 4; lastKnownFileType = sourcecode.c.h; name = "UIWebView+AFNetworking.h"; path = "AFNetworking/UIWebView+AFNetworking.h"; sourceTree = "<group>"; };
		6D12E3CC1BF39859007D2E9C /* UIWebView+AFNetworking.m */ = {isa = PBXFileReference; fileEncoding = 4; lastKnownFileType = sourcecode.c.objc; name = "UIWebView+AFNetworking.m"; path = "AFNetworking/UIWebView+AFNetworking.m"; sourceTree = "<group>"; };
/* End PBXFileReference section */

/* Begin PBXFrameworksBuildPhase section */
		6D12E3621BF38B9E007D2E9C /* Frameworks */ = {
			isa = PBXFrameworksBuildPhase;
			buildActionMask = 2147483647;
			files = (
				6D12E3A41BF38FA8007D2E9C /* CoreGraphics.framework in Frameworks */,
				6D12E3A21BF38FA3007D2E9C /* Foundation.framework in Frameworks */,
				6D12E3A01BF38F9A007D2E9C /* UIKit.framework in Frameworks */,
			);
			runOnlyForDeploymentPostprocessing = 0;
		};
/* End PBXFrameworksBuildPhase section */

/* Begin PBXGroup section */
		6D11BE661BF3A50A007C7614 /* Resources */ = {
			isa = PBXGroup;
			children = (
				6D11BE711BF3B163007C7614 /* profile-58px.png */,
				6D11BE721BF3B163007C7614 /* profile-80px.png */,
				6D11BE731BF3B163007C7614 /* profile-87px.png */,
				6D11BE741BF3B163007C7614 /* profile-120px.png */,
				6D11BE751BF3B163007C7614 /* profile-180px.png */,
				6D11BE671BF3A52C007C7614 /* placeholder.png */,
			);
			name = Resources;
			sourceTree = "<group>";
		};
		6D12E35C1BF38B9E007D2E9C = {
			isa = PBXGroup;
			children = (
				6D12E3A71BF3982A007D2E9C /* AFNetworking */,
				6D12E3671BF38B9E007D2E9C /* MemberViewer */,
				6D11BE661BF3A50A007C7614 /* Resources */,
				6D12E3A61BF39123007D2E9C /* Frameworks */,
				6D12E3661BF38B9E007D2E9C /* Products */,
			);
			sourceTree = "<group>";
		};
		6D12E3661BF38B9E007D2E9C /* Products */ = {
			isa = PBXGroup;
			children = (
				6D12E3651BF38B9E007D2E9C /* MemberViewer.app */,
			);
			name = Products;
			sourceTree = "<group>";
		};
		6D12E3671BF38B9E007D2E9C /* MemberViewer */ = {
			isa = PBXGroup;
			children = (
				6D12E36B1BF38B9E007D2E9C /* AppDelegate.h */,
				6D12E36C1BF38B9E007D2E9C /* AppDelegate.m */,
				6D12E36E1BF38B9E007D2E9C /* ViewController.h */,
				6D12E36F1BF38B9E007D2E9C /* ViewController.m */,
				6D12E3711BF38B9E007D2E9C /* Main.storyboard */,
				6D12E3741BF38B9E007D2E9C /* Assets.xcassets */,
				6D12E3761BF38B9E007D2E9C /* LaunchScreen.storyboard */,
				6D12E3791BF38B9E007D2E9C /* Info.plist */,
				6D12E3681BF38B9E007D2E9C /* Supporting Files */,
			);
			path = MemberViewer;
			sourceTree = "<group>";
		};
		6D12E3681BF38B9E007D2E9C /* Supporting Files */ = {
			isa = PBXGroup;
			children = (
				6D12E3A51BF390DB007D2E9C /* MemberViewer-Prefix.pch */,
				6D12E3691BF38B9E007D2E9C /* main.m */,
			);
			name = "Supporting Files";
			sourceTree = "<group>";
		};
		6D12E3A61BF39123007D2E9C /* Frameworks */ = {
			isa = PBXGroup;
			children = (
				6D12E39F1BF38F9A007D2E9C /* UIKit.framework */,
				6D12E3A11BF38FA3007D2E9C /* Foundation.framework */,
				6D12E3A31BF38FA8007D2E9C /* CoreGraphics.framework */,
			);
			name = Frameworks;
			sourceTree = "<group>";
		};
		6D12E3A71BF3982A007D2E9C /* AFNetworking */ = {
			isa = PBXGroup;
			children = (
				6D12E3A81BF39859007D2E9C /* AFHTTPRequestOperation.h */,
				6D12E3A91BF39859007D2E9C /* AFHTTPRequestOperation.m */,
				6D12E3AA1BF39859007D2E9C /* AFHTTPRequestOperationManager.h */,
				6D12E3AB1BF39859007D2E9C /* AFHTTPRequestOperationManager.m */,
				6D12E3AC1BF39859007D2E9C /* AFHTTPSessionManager.h */,
				6D12E3AD1BF39859007D2E9C /* AFHTTPSessionManager.m */,
				6D12E3AE1BF39859007D2E9C /* AFNetworkActivityIndicatorManager.h */,
				6D12E3AF1BF39859007D2E9C /* AFNetworkActivityIndicatorManager.m */,
				6D12E3B01BF39859007D2E9C /* AFNetworking.h */,
				6D12E3B11BF39859007D2E9C /* AFNetworkReachabilityManager.h */,
				6D12E3B21BF39859007D2E9C /* AFNetworkReachabilityManager.m */,
				6D12E3B31BF39859007D2E9C /* AFSecurityPolicy.h */,
				6D12E3B41BF39859007D2E9C /* AFSecurityPolicy.m */,
				6D12E3B51BF39859007D2E9C /* AFURLConnectionOperation.h */,
				6D12E3B61BF39859007D2E9C /* AFURLConnectionOperation.m */,
				6D12E3B71BF39859007D2E9C /* AFURLRequestSerialization.h */,
				6D12E3B81BF39859007D2E9C /* AFURLRequestSerialization.m */,
				6D12E3B91BF39859007D2E9C /* AFURLResponseSerialization.h */,
				6D12E3BA1BF39859007D2E9C /* AFURLResponseSerialization.m */,
				6D12E3BB1BF39859007D2E9C /* AFURLSessionManager.h */,
				6D12E3BC1BF39859007D2E9C /* AFURLSessionManager.m */,
				6D12E3BD1BF39859007D2E9C /* UIActivityIndicatorView+AFNetworking.h */,
				6D12E3BE1BF39859007D2E9C /* UIActivityIndicatorView+AFNetworking.m */,
				6D12E3BF1BF39859007D2E9C /* UIAlertView+AFNetworking.h */,
				6D12E3C01BF39859007D2E9C /* UIAlertView+AFNetworking.m */,
				6D12E3C11BF39859007D2E9C /* UIButton+AFNetworking.h */,
				6D12E3C21BF39859007D2E9C /* UIButton+AFNetworking.m */,
				6D12E3C31BF39859007D2E9C /* UIImage+AFNetworking.h */,
				6D12E3C41BF39859007D2E9C /* UIImageView+AFNetworking.h */,
				6D12E3C51BF39859007D2E9C /* UIImageView+AFNetworking.m */,
				6D12E3C61BF39859007D2E9C /* UIKit+AFNetworking.h */,
				6D12E3C71BF39859007D2E9C /* UIProgressView+AFNetworking.h */,
				6D12E3C81BF39859007D2E9C /* UIProgressView+AFNetworking.m */,
				6D12E3C91BF39859007D2E9C /* UIRefreshControl+AFNetworking.h */,
				6D12E3CA1BF39859007D2E9C /* UIRefreshControl+AFNetworking.m */,
				6D12E3CB1BF39859007D2E9C /* UIWebView+AFNetworking.h */,
				6D12E3CC1BF39859007D2E9C /* UIWebView+AFNetworking.m */,
			);
			name = AFNetworking;
			path = MemberViewer;
			sourceTree = "<group>";
		};
/* End PBXGroup section */

/* Begin PBXNativeTarget section */
		6D12E3641BF38B9E007D2E9C /* MemberViewer */ = {
			isa = PBXNativeTarget;
			buildConfigurationList = 6D12E37C1BF38B9E007D2E9C /* Build configuration list for PBXNativeTarget "MemberViewer" */;
			buildPhases = (
				6D12E3611BF38B9E007D2E9C /* Sources */,
				6D12E3621BF38B9E007D2E9C /* Frameworks */,
				6D12E3631BF38B9E007D2E9C /* Resources */,
			);
			buildRules = (
			);
			dependencies = (
			);
			name = MemberViewer;
			productName = MemberViewer;
			productReference = 6D12E3651BF38B9E007D2E9C /* MemberViewer.app */;
			productType = "com.apple.product-type.application";
		};
/* End PBXNativeTarget section */

/* Begin PBXProject section */
		6D12E35D1BF38B9E007D2E9C /* Project object */ = {
			isa = PBXProject;
			attributes = {
				LastUpgradeCheck = 0710;
				ORGANIZATIONNAME = "Chris Fowler";
				TargetAttributes = {
					6D12E3641BF38B9E007D2E9C = {
						CreatedOnToolsVersion = 7.1;
					};
				};
			};
			buildConfigurationList = 6D12E3601BF38B9E007D2E9C /* Build configuration list for PBXProject "MemberViewer" */;
			compatibilityVersion = "Xcode 3.2";
			developmentRegion = English;
			hasScannedForEncodings = 0;
			knownRegions = (
				en,
				Base,
			);
			mainGroup = 6D12E35C1BF38B9E007D2E9C;
			productRefGroup = 6D12E3661BF38B9E007D2E9C /* Products */;
			projectDirPath = "";
			projectRoot = "";
			targets = (
				6D12E3641BF38B9E007D2E9C /* MemberViewer */,
			);
		};
/* End PBXProject section */

/* Begin PBXResourcesBuildPhase section */
		6D12E3631BF38B9E007D2E9C /* Resources */ = {
			isa = PBXResourcesBuildPhase;
			buildActionMask = 2147483647;
			files = (
				6D11BE761BF3B163007C7614 /* profile-58px.png in Resources */,
				6D11BE7A1BF3B163007C7614 /* profile-180px.png in Resources */,
				6D12E3781BF38B9E007D2E9C /* LaunchScreen.storyboard in Resources */,
				6D11BE681BF3A52C007C7614 /* placeholder.png in Resources */,
				6D11BE781BF3B163007C7614 /* profile-87px.png in Resources */,
				6D11BE771BF3B163007C7614 /* profile-80px.png in Resources */,
				6D11BE791BF3B163007C7614 /* profile-120px.png in Resources */,
				6D12E3751BF38B9E007D2E9C /* Assets.xcassets in Resources */,
				6D12E3731BF38B9E007D2E9C /* Main.storyboard in Resources */,
			);
			runOnlyForDeploymentPostprocessing = 0;
		};
/* End PBXResourcesBuildPhase section */

/* Begin PBXSourcesBuildPhase section */
		6D12E3611BF38B9E007D2E9C /* Sources */ = {
			isa = PBXSourcesBuildPhase;
			buildActionMask = 2147483647;
			files = (
				6D12E3CD1BF39859007D2E9C /* AFHTTPRequestOperation.m in Sources */,
				6D12E3DA1BF39859007D2E9C /* UIImageView+AFNetworking.m in Sources */,
				6D12E3D21BF39859007D2E9C /* AFSecurityPolicy.m in Sources */,
				6D12E36A1BF38B9E007D2E9C /* main.m in Sources */,
				6D12E3DB1BF39859007D2E9C /* UIProgressView+AFNetworking.m in Sources */,
				6D12E3CE1BF39859007D2E9C /* AFHTTPRequestOperationManager.m in Sources */,
				6D12E3D31BF39859007D2E9C /* AFURLConnectionOperation.m in Sources */,
				6D12E3CF1BF39859007D2E9C /* AFHTTPSessionManager.m in Sources */,
				6D12E3D91BF39859007D2E9C /* UIButton+AFNetworking.m in Sources */,
				6D12E3D71BF39859007D2E9C /* UIActivityIndicatorView+AFNetworking.m in Sources */,
				6D12E36D1BF38B9E007D2E9C /* AppDelegate.m in Sources */,
				6D12E3DC1BF39859007D2E9C /* UIRefreshControl+AFNetworking.m in Sources */,
				6D12E3DD1BF39859007D2E9C /* UIWebView+AFNetworking.m in Sources */,
				6D12E3D41BF39859007D2E9C /* AFURLRequestSerialization.m in Sources */,
				6D12E3D81BF39859007D2E9C /* UIAlertView+AFNetworking.m in Sources */,
				6D12E3D01BF39859007D2E9C /* AFNetworkActivityIndicatorManager.m in Sources */,
				6D12E3D11BF39859007D2E9C /* AFNetworkReachabilityManager.m in Sources */,
				6D12E3D51BF39859007D2E9C /* AFURLResponseSerialization.m in Sources */,
				6D12E3D61BF39859007D2E9C /* AFURLSessionManager.m in Sources */,
				6D12E3701BF38B9E007D2E9C /* ViewController.m in Sources */,
			);
			runOnlyForDeploymentPostprocessing = 0;
		};
/* End PBXSourcesBuildPhase section */

/* Begin PBXVariantGroup section */
		6D12E3711BF38B9E007D2E9C /* Main.storyboard */ = {
			isa = PBXVariantGroup;
			children = (
				6D12E3721BF38B9E007D2E9C /* Base */,
			);
			name = Main.storyboard;
			sourceTree = "<group>";
		};
		6D12E3761BF38B9E007D2E9C /* LaunchScreen.storyboard */ = {
			isa = PBXVariantGroup;
			children = (
				6D12E3771BF38B9E007D2E9C /* Base */,
			);
			name = LaunchScreen.storyboard;
			sourceTree = "<group>";
		};
/* End PBXVariantGroup section */

/* Begin XCBuildConfiguration section */
		6D12E37A1BF38B9E007D2E9C /* Debug */ = {
			isa = XCBuildConfiguration;
			buildSettings = {
				ALWAYS_SEARCH_USER_PATHS = NO;
				CLANG_CXX_LANGUAGE_STANDARD = "gnu++0x";
				CLANG_CXX_LIBRARY = "libc++";
				CLANG_ENABLE_MODULES = YES;
				CLANG_ENABLE_OBJC_ARC = YES;
				CLANG_WARN_BOOL_CONVERSION = YES;
				CLANG_WARN_CONSTANT_CONVERSION = YES;
				CLANG_WARN_DIRECT_OBJC_ISA_USAGE = YES_ERROR;
				CLANG_WARN_EMPTY_BODY = YES;
				CLANG_WARN_ENUM_CONVERSION = YES;
				CLANG_WARN_INT_CONVERSION = YES;
				CLANG_WARN_OBJC_ROOT_CLASS = YES_ERROR;
				CLANG_WARN_UNREACHABLE_CODE = YES;
				CLANG_WARN__DUPLICATE_METHOD_MATCH = YES;
				"CODE_SIGN_IDENTITY[sdk=iphoneos*]" = "iPhone Developer";
				COPY_PHASE_STRIP = NO;
				DEBUG_INFORMATION_FORMAT = dwarf;
				ENABLE_STRICT_OBJC_MSGSEND = YES;
				ENABLE_TESTABILITY = YES;
				GCC_C_LANGUAGE_STANDARD = gnu99;
				GCC_DYNAMIC_NO_PIC = NO;
				GCC_NO_COMMON_BLOCKS = YES;
				GCC_OPTIMIZATION_LEVEL = 0;
				GCC_PREPROCESSOR_DEFINITIONS = (
					"DEBUG=1",
					"$(inherited)",
				);
				GCC_WARN_64_TO_32_BIT_CONVERSION = YES;
				GCC_WARN_ABOUT_RETURN_TYPE = YES_ERROR;
				GCC_WARN_UNDECLARED_SELECTOR = YES;
				GCC_WARN_UNINITIALIZED_AUTOS = YES_AGGRESSIVE;
				GCC_WARN_UNUSED_FUNCTION = YES;
				GCC_WARN_UNUSED_VARIABLE = YES;
				IPHONEOS_DEPLOYMENT_TARGET = 8.0;
				MTL_ENABLE_DEBUG_INFO = YES;
				ONLY_ACTIVE_ARCH = YES;
				SDKROOT = iphoneos;
			};
			name = Debug;
		};
		6D12E37B1BF38B9E007D2E9C /* Release */ = {
			isa = XCBuildConfiguration;
			buildSettings = {
				ALWAYS_SEARCH_USER_PATHS = NO;
				CLANG_CXX_LANGUAGE_STANDARD = "gnu++0x";
				CLANG_CXX_LIBRARY = "libc++";
				CLANG_ENABLE_MODULES = YES;
				CLANG_ENABLE_OBJC_ARC = YES;
				CLANG_WARN_BOOL_CONVERSION = YES;
				CLANG_WARN_CONSTANT_CONVERSION = YES;
				CLANG_WARN_DIRECT_OBJC_ISA_USAGE = YES_ERROR;
				CLANG_WARN_EMPTY_BODY = YES;
				CLANG_WARN_ENUM_CONVERSION = YES;
				CLANG_WARN_INT_CONVERSION = YES;
				CLANG_WARN_OBJC_ROOT_CLASS = YES_ERROR;
				CLANG_WARN_UNREACHABLE_CODE = YES;
				CLANG_WARN__DUPLICATE_METHOD_MATCH = YES;
				"CODE_SIGN_IDENTITY[sdk=iphoneos*]" = "iPhone Developer";
				COPY_PHASE_STRIP = NO;
				DEBUG_INFORMATION_FORMAT = "dwarf-with-dsym";
				ENABLE_NS_ASSERTIONS = NO;
				ENABLE_STRICT_OBJC_MSGSEND = YES;
				GCC_C_LANGUAGE_STANDARD = gnu99;
				GCC_NO_COMMON_BLOCKS = YES;
				GCC_WARN_64_TO_32_BIT_CONVERSION = YES;
				GCC_WARN_ABOUT_RETURN_TYPE = YES_ERROR;
				GCC_WARN_UNDECLARED_SELECTOR = YES;
				GCC_WARN_UNINITIALIZED_AUTOS = YES_AGGRESSIVE;
				GCC_WARN_UNUSED_FUNCTION = YES;
				GCC_WARN_UNUSED_VARIABLE = YES;
				IPHONEOS_DEPLOYMENT_TARGET = 8.0;
				MTL_ENABLE_DEBUG_INFO = NO;
				SDKROOT = iphoneos;
				VALIDATE_PRODUCT = YES;
			};
			name = Release;
		};
		6D12E37D1BF38B9E007D2E9C /* Debug */ = {
			isa = XCBuildConfiguration;
			buildSettings = {
				ASSETCATALOG_COMPILER_APPICON_NAME = AppIcon;
				GCC_PREFIX_HEADER = "MemberViewer/MemberViewer-Prefix.pch";
				INFOPLIST_FILE = MemberViewer/Info.plist;
				LD_RUNPATH_SEARCH_PATHS = "$(inherited) @executable_path/Frameworks";
				PRODUCT_BUNDLE_IDENTIFIER = com.fowler.MemberViewer;
				PRODUCT_NAME = "$(TARGET_NAME)";
			};
			name = Debug;
		};
		6D12E37E1BF38B9E007D2E9C /* Release */ = {
			isa = XCBuildConfiguration;
			buildSettings = {
				ASSETCATALOG_COMPILER_APPICON_NAME = AppIcon;
				GCC_PREFIX_HEADER = "MemberViewer/MemberViewer-Prefix.pch";
				INFOPLIST_FILE = MemberViewer/Info.plist;
				LD_RUNPATH_SEARCH_PATHS = "$(inherited) @executable_path/Frameworks";
				PRODUCT_BUNDLE_IDENTIFIER = com.fowler.MemberViewer;
				PRODUCT_NAME = "$(TARGET_NAME)";
			};
			name = Release;
		};
/* End XCBuildConfiguration section */

/* Begin XCConfigurationList section */
		6D12E3601BF38B9E007D2E9C /* Build configuration list for PBXProject "MemberViewer" */ = {
			isa = XCConfigurationList;
			buildConfigurations = (
				6D12E37A1BF38B9E007D2E9C /* Debug */,
				6D12E37B1BF38B9E007D2E9C /* Release */,
			);
			defaultConfigurationIsVisible = 0;
			defaultConfigurationName = Release;
		};
		6D12E37C1BF38B9E007D2E9C /* Build configuration list for PBXNativeTarget "MemberViewer" */ = {
			isa = XCConfigurationList;
			buildConfigurations = (
				6D12E37D1BF38B9E007D2E9C /* Debug */,
				6D12E37E1BF38B9E007D2E9C /* Release */,
			);
			defaultConfigurationIsVisible = 0;
			defaultConfigurationName = Release;
		};
/* End XCConfigurationList section */
	};
	rootObject = 6D12E35D1BF38B9E007D2E9C /* Project object */;
}
